<Solution>
  <Folder Name="/CI/">
    <File Path=".github/workflows/ci.yml" />
  </Folder>
  <Folder Name="/Docker/">
    <File Path="docker-compose.yml" />
    <File Path="Dockerfile.api" />
    <File Path="Dockerfile.blazor" />
    <File Path="Dockerfile.react" />
  </Folder>
  <Folder Name="/Docs/">
    <File Path="README.md" />
  </Folder>
  <Folder Name="/Solution Items/">
    <File Path="Directory.Build.props" />
    <File Path="Directory.Packages.props" />
  </Folder>
  <Folder Name="/src/">
    <Project Path="src/HackerNews.BestStories.Api/HackerNews.BestStories.Api.csproj" />
    <Project Path="src/HackerNews.BestStories.Blazor/HackerNews.BestStories.Blazor.csproj" />
    <Project Path="src/HackerNews.BestStories.React/HackerNews.BestStories.React.esproj" />
  </Folder>
  <Folder Name="/tests/">
    <File Path="tests/run-dotnet-tests.ps1" />
    <Project Path="tests/HackerNews.BestStories.Api.Tests/HackerNews.BestStories.Api.Tests.csproj" />
    <Project Path="tests/HackerNews.BestStories.Blazor.Tests/HackerNews.BestStories.Blazor.Tests.csproj" />
  </Folder>
</Solution>
