{
  "version": 2,
  "dependencies": {
    "net10.0": {
      "Asp.Versioning.Http": {
        "type": "Direct",
        "requested": "[10.2.3, )",
        "resolved": "10.2.3",
        "contentHash": "tx/OIyp39OP2uM57MHn8GqRSCi7+XYFU3/KqcPeiqt8rQE+oiK4bRcMXZvShtiS+SbtifqXy4zg6vr5+LPubNQ==",
        "dependencies": {
          "Asp.Versioning.Abstractions": "10.2.1"
        }
      },
      "Microsoft.AspNetCore.OpenApi": {
        "type": "Direct",
        "requested": "[10.0.11, )",
        "resolved": "10.0.11",
        "contentHash": "R/1EATnPLU+gRfB6lwVkMcymmyAY5ppBBdRN/5lhNEiT3xP1sWccuSFkU/f1lQvN/WgRq5Vn8AhCdE3fqgsL/w==",
        "dependencies": {
          "Microsoft.OpenApi": "[2.7.5, 3.0.0)"
        }
      },
      "Scalar.AspNetCore": {
        "type": "Direct",
        "requested": "[2.17.2, )",
        "resolved": "2.17.2",
        "contentHash": "ciW2HuRWJgNEecophHN9DvoRlTs/+8TNPhB6tQW1gmJWh/eoAIO0ys8XIxx7irUpIu3KRHZyxyuHstqqrTn1Tw=="
      },
      "Asp.Versioning.Abstractions": {
        "type": "Transitive",
        "resolved": "10.2.1",
        "contentHash": "jMBztsVim+rYVrkNY23dMuOjTGXGQ9+je1xb3i17KgUof7OcBZtMMDduEWoCQ52SpTlYqKsuzgJyUMCMOFCBfg=="
      },
      "Microsoft.OpenApi": {
        "type": "Transitive",
        "resolved": "2.7.5",
        "contentHash": "0FA67RSnRM4tcBKqiqVu/HPdZ9+QOKbmeRjxRUGTCjPU4C0bmUhd97Dso7Yild5P7nOV6GxJ2xrK0Kv/O9xp0w=="
      }
    }
  }
}